
Microsoft Visual Studio Solution File, Format Version 12.00
# Visual Studio Version 17
VisualStudioVersion = 17.12.35707.178
MinimumVisualStudioVersion = 10.0.40219.1
Project("{FAE04EC0-301F-11D3-BF4B-00C04F79EFBC}") = "Data", "Data\Data.csproj", "{F16EF109-5F7A-4AC3-A3FB-D3527AEF5055}"
EndProject
Project("{FAE04EC0-301F-11D3-BF4B-00C04F79EFBC}") = "Presentation_ConsoleApp", "Presentation_ConsoleApp\Presentation_ConsoleApp.csproj", "{FA621A6B-D268-4922-84D2-36C1AE5E048E}"
EndProject
Project("{FAE04EC0-301F-11D3-BF4B-00C04F79EFBC}") = "Business", "Business\Business.csproj", "{30D170B2-C18C-4AE3-8A6A-646580D7F7EA}"
EndProject
Project("{2150E333-8FDC-42A3-9474-1A3956D46DE8}") = "Solution Items", "Solution Items", "{D7F53394-1222-4012-9E5F-4195AC9F4BC4}"
	ProjectSection(SolutionItems) = preProject
		ReadMe.txt = ReadMe.txt
	EndProjectSection
EndProject
Global
	GlobalSection(SolutionConfigurationPlatforms) = preSolution
		Debug|Any CPU = Debug|Any CPU
		Release|Any CPU = Release|Any CPU
	EndGlobalSection
	GlobalSection(ProjectConfigurationPlatforms) = postSolution
		{F16EF109-5F7A-4AC3-A3FB-D3527AEF5055}.Debug|Any CPU.ActiveCfg = Debug|Any CPU
		{F16EF109-5F7A-4AC3-A3FB-D3527AEF5055}.Debug|Any CPU.Build.0 = Debug|Any CPU
		{F16EF109-5F7A-4AC3-A3FB-D3527AEF5055}.Release|Any CPU.ActiveCfg = Release|Any CPU
		{F16EF109-5F7A-4AC3-A3FB-D3527AEF5055}.Release|Any CPU.Build.0 = Release|Any CPU
		{FA621A6B-D268-4922-84D2-36C1AE5E048E}.Debug|Any CPU.ActiveCfg = Debug|Any CPU
		{FA621A6B-D268-4922-84D2-36C1AE5E048E}.Debug|Any CPU.Build.0 = Debug|Any CPU
		{FA621A6B-D268-4922-84D2-36C1AE5E048E}.Release|Any CPU.ActiveCfg = Release|Any CPU
		{FA621A6B-D268-4922-84D2-36C1AE5E048E}.Release|Any CPU.Build.0 = Release|Any CPU
		{30D170B2-C18C-4AE3-8A6A-646580D7F7EA}.Debug|Any CPU.ActiveCfg = Debug|Any CPU
		{30D170B2-C18C-4AE3-8A6A-646580D7F7EA}.Debug|Any CPU.Build.0 = Debug|Any CPU
		{30D170B2-C18C-4AE3-8A6A-646580D7F7EA}.Release|Any CPU.ActiveCfg = Release|Any CPU
		{30D170B2-C18C-4AE3-8A6A-646580D7F7EA}.Release|Any CPU.Build.0 = Release|Any CPU
	EndGlobalSection
	GlobalSection(SolutionProperties) = preSolution
		HideSolutionNode = FALSE
	EndGlobalSection
	GlobalSection(ExtensibilityGlobals) = postSolution
		SolutionGuid = {4ABF5F28-C6CE-4429-8F61-41DC4FAE2AD2}
	EndGlobalSection
EndGlobal
