
Microsoft Visual Studio Solution File, Format Version 12.00
# Visual Studio Version 17
VisualStudioVersion = 17.12.35707.178
MinimumVisualStudioVersion = 10.0.40219.1
Project("{FAE04EC0-301F-11D3-BF4B-00C04F79EFBC}") = "Data", "Data\Data.csproj", "{F16EF109-5F7A-4AC3-A3FB-D3527AEF5055}"
EndProject
Project("{FAE04EC0-301F-11D3-BF4B-00C04F79EFBC}") = "Presentation_ConsoleApp", "Presentation_ConsoleApp\Presentation_ConsoleApp.csproj", "{FA621A6B-D268-4922-84D2-36C1AE5E048E}"
EndProject
Global
	GlobalSection(SolutionConfigurationPlatforms) = preSolution
		Debug|Any CPU = Debug|Any CPU
		Release|Any CPU = Release|Any CPU
	EndGlobalSection
	GlobalSection(ProjectConfigurationPlatforms) = postSolution
		{F16EF109-5F7A-4AC3-A3FB-D3527AEF5055}.Debug|Any CPU.ActiveCfg = Debug|Any CPU
		{F16EF109-5F7A-4AC3-A3FB-D3527AEF5055}.Debug|Any CPU.Build.0 = Debug|Any CPU
		{F16EF109-5F7A-4AC3-A3FB-D3527AEF5055}.Release|Any CPU.ActiveCfg = Release|Any CPU
		{F16EF109-5F7A-4AC3-A3FB-D3527AEF5055}.Release|Any CPU.Build.0 = Release|Any CPU
		{FA621A6B-D268-4922-84D2-36C1AE5E048E}.Debug|Any CPU.ActiveCfg = Debug|Any CPU
		{FA621A6B-D268-4922-84D2-36C1AE5E048E}.Debug|Any CPU.Build.0 = Debug|Any CPU
		{FA621A6B-D268-4922-84D2-36C1AE5E048E}.Release|Any CPU.ActiveCfg = Release|Any CPU
		{FA621A6B-D268-4922-84D2-36C1AE5E048E}.Release|Any CPU.Build.0 = Release|Any CPU
	EndGlobalSection
	GlobalSection(SolutionProperties) = preSolution
		HideSolutionNode = FALSE
	EndGlobalSection
EndGlobal
